// !$*UTF8*$!
{
	archiveVersion = 1;
	classes = {
	};
	objectVersion = 50;
	objects = {

/* Begin PBXBuildFile section */
		8AF88F06A050B72BA3F9F4FD /* Pods_CantoTalk.framework in Frameworks */ = {isa = PBXBuildFile; fileRef = 2D7916B28C01480D1110757F /* Pods_CantoTalk.framework */; };
		D281432A211C026000005604 /* SearchController.swift in Sources */ = {isa = PBXBuildFile; fileRef = D2814329211C026000005604 /* SearchController.swift */; };
		D281432E211C03A500005604 /* SettingsController.swift in Sources */ = {isa = PBXBuildFile; fileRef = D281432D211C03A500005604 /* SettingsController.swift */; };
		D28CD6572119889C001A613F /* default.realm in Resources */ = {isa = PBXBuildFile; fileRef = D28CD6562119889C001A613F /* default.realm */; };
		D28CD659211997AD001A613F /* MenuBar.swift in Sources */ = {isa = PBXBuildFile; fileRef = D28CD658211997AD001A613F /* MenuBar.swift */; };
		D28CD65D2119AB1C001A613F /* FavoritesController.swift in Sources */ = {isa = PBXBuildFile; fileRef = D28CD65C2119AB1C001A613F /* FavoritesController.swift */; };
		D2D45C71211D5EAD008A6CF7 /* WordOfTheDayCells.swift in Sources */ = {isa = PBXBuildFile; fileRef = D2D45C70211D5EAD008A6CF7 /* WordOfTheDayCells.swift */; };
		D2D6A05321105AA4002E0CCE /* AppDelegate.swift in Sources */ = {isa = PBXBuildFile; fileRef = D2D6A05221105AA4002E0CCE /* AppDelegate.swift */; };
		D2D6A05521105AA4002E0CCE /* HomeController.swift in Sources */ = {isa = PBXBuildFile; fileRef = D2D6A05421105AA4002E0CCE /* HomeController.swift */; };
		D2D6A05821105AA5002E0CCE /* Main.storyboard in Resources */ = {isa = PBXBuildFile; fileRef = D2D6A05621105AA5002E0CCE /* Main.storyboard */; };
		D2D6A05A21105AA9002E0CCE /* Assets.xcassets in Resources */ = {isa = PBXBuildFile; fileRef = D2D6A05921105AA9002E0CCE /* Assets.xcassets */; };
		D2D6A05D21105AA9002E0CCE /* LaunchScreen.storyboard in Resources */ = {isa = PBXBuildFile; fileRef = D2D6A05B21105AA9002E0CCE /* LaunchScreen.storyboard */; };
		D2D6A06921105C87002E0CCE /* Extensions.swift in Sources */ = {isa = PBXBuildFile; fileRef = D2D6A06821105C87002E0CCE /* Extensions.swift */; };
		D2D6A06B21106140002E0CCE /* WordCells.swift in Sources */ = {isa = PBXBuildFile; fileRef = D2D6A06A21106140002E0CCE /* WordCells.swift */; };
		D2D6A06D2111A36C002E0CCE /* EntryView.swift in Sources */ = {isa = PBXBuildFile; fileRef = D2D6A06C2111A36C002E0CCE /* EntryView.swift */; };
		D2D6A0772112FCA9002E0CCE /* WordOfTheDayController.swift in Sources */ = {isa = PBXBuildFile; fileRef = D2D6A0762112FCA9002E0CCE /* WordOfTheDayController.swift */; };
		D2D6A08121144C78002E0CCE /* SlideUpViewController.swift in Sources */ = {isa = PBXBuildFile; fileRef = D2D6A08021144C78002E0CCE /* SlideUpViewController.swift */; };
		D2D6A083211452A8002E0CCE /* Entries.swift in Sources */ = {isa = PBXBuildFile; fileRef = D2D6A082211452A8002E0CCE /* Entries.swift */; };
		D2E001522122849B0031553E /* SettingsCell.swift in Sources */ = {isa = PBXBuildFile; fileRef = D2E001512122849B0031553E /* SettingsCell.swift */; };
		D2F8FB99211A9CA700E260B9 /* BaseCells.swift in Sources */ = {isa = PBXBuildFile; fileRef = D2F8FB98211A9CA700E260B9 /* BaseCells.swift */; };
/* End PBXBuildFile section */

/* Begin PBXFileReference section */
		2D7916B28C01480D1110757F /* Pods_CantoTalk.framework */ = {isa = PBXFileReference; explicitFileType = wrapper.framework; includeInIndex = 0; path = Pods_CantoTalk.framework; sourceTree = BUILT_PRODUCTS_DIR; };
		4663D8A86CF49ED59902881C /* Pods-CantoTalk.debug.xcconfig */ = {isa = PBXFileReference; includeInIndex = 1; lastKnownFileType = text.xcconfig; name = "Pods-CantoTalk.debug.xcconfig"; path = "Pods/Target Support Files/Pods-CantoTalk/Pods-CantoTalk.debug.xcconfig"; sourceTree = "<group>"; };
		A7F127D3C5D096AF1602DDE3 /* Pods-CantoTalk.release.xcconfig */ = {isa = PBXFileReference; includeInIndex = 1; lastKnownFileType = text.xcconfig; name = "Pods-CantoTalk.release.xcconfig"; path = "Pods/Target Support Files/Pods-CantoTalk/Pods-CantoTalk.release.xcconfig"; sourceTree = "<group>"; };
		D2814329211C026000005604 /* SearchController.swift */ = {isa = PBXFileReference; lastKnownFileType = sourcecode.swift; path = SearchController.swift; sourceTree = "<group>"; };
		D281432D211C03A500005604 /* SettingsController.swift */ = {isa = PBXFileReference; lastKnownFileType = sourcecode.swift; path = SettingsController.swift; sourceTree = "<group>"; };
		D28CD6562119889C001A613F /* default.realm */ = {isa = PBXFileReference; lastKnownFileType = file; path = default.realm; sourceTree = "<group>"; };
		D28CD658211997AD001A613F /* MenuBar.swift */ = {isa = PBXFileReference; lastKnownFileType = sourcecode.swift; path = MenuBar.swift; sourceTree = "<group>"; };
		D28CD65C2119AB1C001A613F /* FavoritesController.swift */ = {isa = PBXFileReference; lastKnownFileType = sourcecode.swift; path = FavoritesController.swift; sourceTree = "<group>"; };
		D2D45C70211D5EAD008A6CF7 /* WordOfTheDayCells.swift */ = {isa = PBXFileReference; lastKnownFileType = sourcecode.swift; path = WordOfTheDayCells.swift; sourceTree = "<group>"; };
		D2D6A04F21105AA4002E0CCE /* CantoTalk.app */ = {isa = PBXFileReference; explicitFileType = wrapper.application; includeInIndex = 0; path = CantoTalk.app; sourceTree = BUILT_PRODUCTS_DIR; };
		D2D6A05221105AA4002E0CCE /* AppDelegate.swift */ = {isa = PBXFileReference; lastKnownFileType = sourcecode.swift; path = AppDelegate.swift; sourceTree = "<group>"; };
		D2D6A05421105AA4002E0CCE /* HomeController.swift */ = {isa = PBXFileReference; lastKnownFileType = sourcecode.swift; path = HomeController.swift; sourceTree = "<group>"; };
		D2D6A05721105AA5002E0CCE /* Base */ = {isa = PBXFileReference; lastKnownFileType = file.storyboard; name = Base; path = Base.lproj/Main.storyboard; sourceTree = "<group>"; };
		D2D6A05921105AA9002E0CCE /* Assets.xcassets */ = {isa = PBXFileReference; lastKnownFileType = folder.assetcatalog; path = Assets.xcassets; sourceTree = "<group>"; };
		D2D6A05C21105AA9002E0CCE /* Base */ = {isa = PBXFileReference; lastKnownFileType = file.storyboard; name = Base; path = Base.lproj/LaunchScreen.storyboard; sourceTree = "<group>"; };
		D2D6A05E21105AA9002E0CCE /* Info.plist */ = {isa = PBXFileReference; lastKnownFileType = text.plist.xml; path = Info.plist; sourceTree = "<group>"; };
		D2D6A06821105C87002E0CCE /* Extensions.swift */ = {isa = PBXFileReference; lastKnownFileType = sourcecode.swift; path = Extensions.swift; sourceTree = "<group>"; };
		D2D6A06A21106140002E0CCE /* WordCells.swift */ = {isa = PBXFileReference; lastKnownFileType = sourcecode.swift; path = WordCells.swift; sourceTree = "<group>"; };
		D2D6A06C2111A36C002E0CCE /* EntryView.swift */ = {isa = PBXFileReference; lastKnownFileType = sourcecode.swift; path = EntryView.swift; sourceTree = "<group>"; };
		D2D6A0762112FCA9002E0CCE /* WordOfTheDayController.swift */ = {isa = PBXFileReference; lastKnownFileType = sourcecode.swift; path = WordOfTheDayController.swift; sourceTree = "<group>"; };
		D2D6A08021144C78002E0CCE /* SlideUpViewController.swift */ = {isa = PBXFileReference; lastKnownFileType = sourcecode.swift; path = SlideUpViewController.swift; sourceTree = "<group>"; };
		D2D6A082211452A8002E0CCE /* Entries.swift */ = {isa = PBXFileReference; lastKnownFileType = sourcecode.swift; path = Entries.swift; sourceTree = "<group>"; };
		D2E001512122849B0031553E /* SettingsCell.swift */ = {isa = PBXFileReference; lastKnownFileType = sourcecode.swift; path = SettingsCell.swift; sourceTree = "<group>"; };
		D2F8FB98211A9CA700E260B9 /* BaseCells.swift */ = {isa = PBXFileReference; lastKnownFileType = sourcecode.swift; path = BaseCells.swift; sourceTree = "<group>"; };
/* End PBXFileReference section */

/* Begin PBXFrameworksBuildPhase section */
		D2D6A04C21105AA4002E0CCE /* Frameworks */ = {
			isa = PBXFrameworksBuildPhase;
			buildActionMask = 2147483647;
			files = (
				8AF88F06A050B72BA3F9F4FD /* Pods_CantoTalk.framework in Frameworks */,
			);
			runOnlyForDeploymentPostprocessing = 0;
		};
/* End PBXFrameworksBuildPhase section */

/* Begin PBXGroup section */
		456DBBAF427B551B17A1DA37 /* Pods */ = {
			isa = PBXGroup;
			children = (
				4663D8A86CF49ED59902881C /* Pods-CantoTalk.debug.xcconfig */,
				A7F127D3C5D096AF1602DDE3 /* Pods-CantoTalk.release.xcconfig */,
			);
			name = Pods;
			sourceTree = "<group>";
		};
		AC72BA16E76A5CCC19F1ADEA /* Frameworks */ = {
			isa = PBXGroup;
			children = (
				2D7916B28C01480D1110757F /* Pods_CantoTalk.framework */,
			);
			name = Frameworks;
			sourceTree = "<group>";
		};
		D27C0A5A211803A000E615EB /* Supporting Files */ = {
			isa = PBXGroup;
			children = (
				D28CD6562119889C001A613F /* default.realm */,
				D2D6A05921105AA9002E0CCE /* Assets.xcassets */,
			);
			path = "Supporting Files";
			sourceTree = "<group>";
		};
		D2D6A04621105AA4002E0CCE = {
			isa = PBXGroup;
			children = (
				D2D6A05121105AA4002E0CCE /* CantoTalk */,
				D2D6A05021105AA4002E0CCE /* Products */,
				456DBBAF427B551B17A1DA37 /* Pods */,
				AC72BA16E76A5CCC19F1ADEA /* Frameworks */,
			);
			sourceTree = "<group>";
		};
		D2D6A05021105AA4002E0CCE /* Products */ = {
			isa = PBXGroup;
			children = (
				D2D6A04F21105AA4002E0CCE /* CantoTalk.app */,
			);
			name = Products;
			sourceTree = "<group>";
		};
		D2D6A05121105AA4002E0CCE /* CantoTalk */ = {
			isa = PBXGroup;
			children = (
				D2D6A06421105AC7002E0CCE /* Model */,
				D2D6A06521105ACE002E0CCE /* View */,
				D2D6A06621105ADB002E0CCE /* Controller */,
				D2D6A06721105AE5002E0CCE /* Helpers */,
				D2D6A05221105AA4002E0CCE /* AppDelegate.swift */,
				D2D6A05621105AA5002E0CCE /* Main.storyboard */,
				D2D6A05B21105AA9002E0CCE /* LaunchScreen.storyboard */,
				D2D6A05E21105AA9002E0CCE /* Info.plist */,
				D27C0A5A211803A000E615EB /* Supporting Files */,
			);
			path = CantoTalk;
			sourceTree = "<group>";
		};
		D2D6A06421105AC7002E0CCE /* Model */ = {
			isa = PBXGroup;
			children = (
				D2D6A082211452A8002E0CCE /* Entries.swift */,
			);
			path = Model;
			sourceTree = "<group>";
		};
		D2D6A06521105ACE002E0CCE /* View */ = {
			isa = PBXGroup;
			children = (
				D2D6A06A21106140002E0CCE /* WordCells.swift */,
				D2D6A06C2111A36C002E0CCE /* EntryView.swift */,
				D28CD658211997AD001A613F /* MenuBar.swift */,
				D2D45C70211D5EAD008A6CF7 /* WordOfTheDayCells.swift */,
				D2E001512122849B0031553E /* SettingsCell.swift */,
			);
			path = View;
			sourceTree = "<group>";
		};
		D2D6A06621105ADB002E0CCE /* Controller */ = {
			isa = PBXGroup;
			children = (
				D2D6A05421105AA4002E0CCE /* HomeController.swift */,
				D2814329211C026000005604 /* SearchController.swift */,
				D28CD65C2119AB1C001A613F /* FavoritesController.swift */,
				D2D6A0762112FCA9002E0CCE /* WordOfTheDayController.swift */,
				D281432D211C03A500005604 /* SettingsController.swift */,
				D2D6A08021144C78002E0CCE /* SlideUpViewController.swift */,
			);
			path = Controller;
			sourceTree = "<group>";
		};
		D2D6A06721105AE5002E0CCE /* Helpers */ = {
			isa = PBXGroup;
			children = (
				D2F8FB98211A9CA700E260B9 /* BaseCells.swift */,
				D2D6A06821105C87002E0CCE /* Extensions.swift */,
			);
			path = Helpers;
			sourceTree = "<group>";
		};
/* End PBXGroup section */

/* Begin PBXNativeTarget section */
		D2D6A04E21105AA4002E0CCE /* CantoTalk */ = {
			isa = PBXNativeTarget;
			buildConfigurationList = D2D6A06121105AA9002E0CCE /* Build configuration list for PBXNativeTarget "CantoTalk" */;
			buildPhases = (
				80C5849DD85B26B9947D9067 /* [CP] Check Pods Manifest.lock */,
				D2D6A04B21105AA4002E0CCE /* Sources */,
				D2D6A04C21105AA4002E0CCE /* Frameworks */,
				D2D6A04D21105AA4002E0CCE /* Resources */,
				551D9F643D418B862DD309EB /* [CP] Embed Pods Frameworks */,
				1829CE03D1493031A41F8268 /* [CP] Copy Pods Resources */,
			);
			buildRules = (
			);
			dependencies = (
			);
			name = CantoTalk;
			productName = CantoTalk;
			productReference = D2D6A04F21105AA4002E0CCE /* CantoTalk.app */;
			productType = "com.apple.product-type.application";
		};
/* End PBXNativeTarget section */

/* Begin PBXProject section */
		D2D6A04721105AA4002E0CCE /* Project object */ = {
			isa = PBXProject;
			attributes = {
				LastSwiftUpdateCheck = 0940;
				LastUpgradeCheck = 0940;
				ORGANIZATIONNAME = "Brian MacPherson";
				TargetAttributes = {
					D2D6A04E21105AA4002E0CCE = {
						CreatedOnToolsVersion = 9.4;
					};
				};
			};
			buildConfigurationList = D2D6A04A21105AA4002E0CCE /* Build configuration list for PBXProject "CantoTalk" */;
			compatibilityVersion = "Xcode 9.3";
			developmentRegion = en;
			hasScannedForEncodings = 0;
			knownRegions = (
				en,
				Base,
			);
			mainGroup = D2D6A04621105AA4002E0CCE;
			productRefGroup = D2D6A05021105AA4002E0CCE /* Products */;
			projectDirPath = "";
			projectRoot = "";
			targets = (
				D2D6A04E21105AA4002E0CCE /* CantoTalk */,
			);
		};
/* End PBXProject section */

/* Begin PBXResourcesBuildPhase section */
		D2D6A04D21105AA4002E0CCE /* Resources */ = {
			isa = PBXResourcesBuildPhase;
			buildActionMask = 2147483647;
			files = (
				D2D6A05D21105AA9002E0CCE /* LaunchScreen.storyboard in Resources */,
				D28CD6572119889C001A613F /* default.realm in Resources */,
				D2D6A05A21105AA9002E0CCE /* Assets.xcassets in Resources */,
				D2D6A05821105AA5002E0CCE /* Main.storyboard in Resources */,
			);
			runOnlyForDeploymentPostprocessing = 0;
		};
/* End PBXResourcesBuildPhase section */

/* Begin PBXShellScriptBuildPhase section */
		1829CE03D1493031A41F8268 /* [CP] Copy Pods Resources */ = {
			isa = PBXShellScriptBuildPhase;
			buildActionMask = 2147483647;
			files = (
			);
			inputPaths = (
			);
			name = "[CP] Copy Pods Resources";
			outputPaths = (
			);
			runOnlyForDeploymentPostprocessing = 0;
			shellPath = /bin/sh;
			shellScript = "\"${SRCROOT}/Pods/Target Support Files/Pods-CantoTalk/Pods-CantoTalk-resources.sh\"\n";
			showEnvVarsInLog = 0;
		};
		551D9F643D418B862DD309EB /* [CP] Embed Pods Frameworks */ = {
			isa = PBXShellScriptBuildPhase;
			buildActionMask = 2147483647;
			files = (
			);
			inputPaths = (
				"${SRCROOT}/Pods/Target Support Files/Pods-CantoTalk/Pods-CantoTalk-frameworks.sh",
				"${BUILT_PRODUCTS_DIR}/Realm/Realm.framework",
				"${BUILT_PRODUCTS_DIR}/RealmSwift/RealmSwift.framework",
			);
			name = "[CP] Embed Pods Frameworks";
			outputPaths = (
				"${TARGET_BUILD_DIR}/${FRAMEWORKS_FOLDER_PATH}/Realm.framework",
				"${TARGET_BUILD_DIR}/${FRAMEWORKS_FOLDER_PATH}/RealmSwift.framework",
			);
			runOnlyForDeploymentPostprocessing = 0;
			shellPath = /bin/sh;
			shellScript = "\"${SRCROOT}/Pods/Target Support Files/Pods-CantoTalk/Pods-CantoTalk-frameworks.sh\"\n";
			showEnvVarsInLog = 0;
		};
		80C5849DD85B26B9947D9067 /* [CP] Check Pods Manifest.lock */ = {
			isa = PBXShellScriptBuildPhase;
			buildActionMask = 2147483647;
			files = (
			);
			inputPaths = (
				"${PODS_PODFILE_DIR_PATH}/Podfile.lock",
				"${PODS_ROOT}/Manifest.lock",
			);
			name = "[CP] Check Pods Manifest.lock";
			outputPaths = (
				"$(DERIVED_FILE_DIR)/Pods-CantoTalk-checkManifestLockResult.txt",
			);
			runOnlyForDeploymentPostprocessing = 0;
			shellPath = /bin/sh;
			shellScript = "diff \"${PODS_PODFILE_DIR_PATH}/Podfile.lock\" \"${PODS_ROOT}/Manifest.lock\" > /dev/null\nif [ $? != 0 ] ; then\n    # print error to STDERR\n    echo \"error: The sandbox is not in sync with the Podfile.lock. Run 'pod install' or update your CocoaPods installation.\" >&2\n    exit 1\nfi\n# This output is used by Xcode 'outputs' to avoid re-running this script phase.\necho \"SUCCESS\" > \"${SCRIPT_OUTPUT_FILE_0}\"\n";
			showEnvVarsInLog = 0;
		};
/* End PBXShellScriptBuildPhase section */

/* Begin PBXSourcesBuildPhase section */
		D2D6A04B21105AA4002E0CCE /* Sources */ = {
			isa = PBXSourcesBuildPhase;
			buildActionMask = 2147483647;
			files = (
				D281432A211C026000005604 /* SearchController.swift in Sources */,
				D281432E211C03A500005604 /* SettingsController.swift in Sources */,
				D2D6A05521105AA4002E0CCE /* HomeController.swift in Sources */,
				D2D6A06B21106140002E0CCE /* WordCells.swift in Sources */,
				D2D6A0772112FCA9002E0CCE /* WordOfTheDayController.swift in Sources */,
				D2D45C71211D5EAD008A6CF7 /* WordOfTheDayCells.swift in Sources */,
				D28CD65D2119AB1C001A613F /* FavoritesController.swift in Sources */,
				D2D6A06D2111A36C002E0CCE /* EntryView.swift in Sources */,
				D28CD659211997AD001A613F /* MenuBar.swift in Sources */,
				D2D6A06921105C87002E0CCE /* Extensions.swift in Sources */,
				D2F8FB99211A9CA700E260B9 /* BaseCells.swift in Sources */,
				D2D6A05321105AA4002E0CCE /* AppDelegate.swift in Sources */,
				D2D6A08121144C78002E0CCE /* SlideUpViewController.swift in Sources */,
				D2D6A083211452A8002E0CCE /* Entries.swift in Sources */,
				D2E001522122849B0031553E /* SettingsCell.swift in Sources */,
			);
			runOnlyForDeploymentPostprocessing = 0;
		};
/* End PBXSourcesBuildPhase section */

/* Begin PBXVariantGroup section */
		D2D6A05621105AA5002E0CCE /* Main.storyboard */ = {
			isa = PBXVariantGroup;
			children = (
				D2D6A05721105AA5002E0CCE /* Base */,
			);
			name = Main.storyboard;
			sourceTree = "<group>";
		};
		D2D6A05B21105AA9002E0CCE /* LaunchScreen.storyboard */ = {
			isa = PBXVariantGroup;
			children = (
				D2D6A05C21105AA9002E0CCE /* Base */,
			);
			name = LaunchScreen.storyboard;
			sourceTree = "<group>";
		};
/* End PBXVariantGroup section */

/* Begin XCBuildConfiguration section */
		D2D6A05F21105AA9002E0CCE /* Debug */ = {
			isa = XCBuildConfiguration;
			buildSettings = {
				ALWAYS_SEARCH_USER_PATHS = NO;
				CLANG_ANALYZER_NONNULL = YES;
				CLANG_ANALYZER_NUMBER_OBJECT_CONVERSION = YES_AGGRESSIVE;
				CLANG_CXX_LANGUAGE_STANDARD = "gnu++14";
				CLANG_CXX_LIBRARY = "libc++";
				CLANG_ENABLE_MODULES = YES;
				CLANG_ENABLE_OBJC_ARC = YES;
				CLANG_ENABLE_OBJC_WEAK = YES;
				CLANG_WARN_BLOCK_CAPTURE_AUTORELEASING = YES;
				CLANG_WARN_BOOL_CONVERSION = YES;
				CLANG_WARN_COMMA = YES;
				CLANG_WARN_CONSTANT_CONVERSION = YES;
				CLANG_WARN_DEPRECATED_OBJC_IMPLEMENTATIONS = YES;
				CLANG_WARN_DIRECT_OBJC_ISA_USAGE = YES_ERROR;
				CLANG_WARN_DOCUMENTATION_COMMENTS = YES;
				CLANG_WARN_EMPTY_BODY = YES;
				CLANG_WARN_ENUM_CONVERSION = YES;
				CLANG_WARN_INFINITE_RECURSION = YES;
				CLANG_WARN_INT_CONVERSION = YES;
				CLANG_WARN_NON_LITERAL_NULL_CONVERSION = YES;
				CLANG_WARN_OBJC_IMPLICIT_RETAIN_SELF = YES;
				CLANG_WARN_OBJC_LITERAL_CONVERSION = YES;
				CLANG_WARN_OBJC_ROOT_CLASS = YES_ERROR;
				CLANG_WARN_RANGE_LOOP_ANALYSIS = YES;
				CLANG_WARN_STRICT_PROTOTYPES = YES;
				CLANG_WARN_SUSPICIOUS_MOVE = YES;
				CLANG_WARN_UNGUARDED_AVAILABILITY = YES_AGGRESSIVE;
				CLANG_WARN_UNREACHABLE_CODE = YES;
				CLANG_WARN__DUPLICATE_METHOD_MATCH = YES;
				CODE_SIGN_IDENTITY = "iPhone Developer";
				COPY_PHASE_STRIP = NO;
				DEBUG_INFORMATION_FORMAT = dwarf;
				ENABLE_STRICT_OBJC_MSGSEND = YES;
				ENABLE_TESTABILITY = YES;
				GCC_C_LANGUAGE_STANDARD = gnu11;
				GCC_DYNAMIC_NO_PIC = NO;
				GCC_NO_COMMON_BLOCKS = YES;
				GCC_OPTIMIZATION_LEVEL = 0;
				GCC_PREPROCESSOR_DEFINITIONS = (
					"DEBUG=1",
					"$(inherited)",
				);
				GCC_WARN_64_TO_32_BIT_CONVERSION = YES;
				GCC_WARN_ABOUT_RETURN_TYPE = YES_ERROR;
				GCC_WARN_UNDECLARED_SELECTOR = YES;
				GCC_WARN_UNINITIALIZED_AUTOS = YES_AGGRESSIVE;
				GCC_WARN_UNUSED_FUNCTION = YES;
				GCC_WARN_UNUSED_VARIABLE = YES;
				IPHONEOS_DEPLOYMENT_TARGET = 11.4;
				MTL_ENABLE_DEBUG_INFO = YES;
				ONLY_ACTIVE_ARCH = YES;
				SDKROOT = iphoneos;
				SWIFT_ACTIVE_COMPILATION_CONDITIONS = DEBUG;
				SWIFT_OPTIMIZATION_LEVEL = "-Onone";
			};
			name = Debug;
		};
		D2D6A06021105AA9002E0CCE /* Release */ = {
			isa = XCBuildConfiguration;
			buildSettings = {
				ALWAYS_SEARCH_USER_PATHS = NO;
				CLANG_ANALYZER_NONNULL = YES;
				CLANG_ANALYZER_NUMBER_OBJECT_CONVERSION = YES_AGGRESSIVE;
				CLANG_CXX_LANGUAGE_STANDARD = "gnu++14";
				CLANG_CXX_LIBRARY = "libc++";
				CLANG_ENABLE_MODULES = YES;
				CLANG_ENABLE_OBJC_ARC = YES;
				CLANG_ENABLE_OBJC_WEAK = YES;
				CLANG_WARN_BLOCK_CAPTURE_AUTORELEASING = YES;
				CLANG_WARN_BOOL_CONVERSION = YES;
				CLANG_WARN_COMMA = YES;
				CLANG_WARN_CONSTANT_CONVERSION = YES;
				CLANG_WARN_DEPRECATED_OBJC_IMPLEMENTATIONS = YES;
				CLANG_WARN_DIRECT_OBJC_ISA_USAGE = YES_ERROR;
				CLANG_WARN_DOCUMENTATION_COMMENTS = YES;
				CLANG_WARN_EMPTY_BODY = YES;
				CLANG_WARN_ENUM_CONVERSION = YES;
				CLANG_WARN_INFINITE_RECURSION = YES;
				CLANG_WARN_INT_CONVERSION = YES;
				CLANG_WARN_NON_LITERAL_NULL_CONVERSION = YES;
				CLANG_WARN_OBJC_IMPLICIT_RETAIN_SELF = YES;
				CLANG_WARN_OBJC_LITERAL_CONVERSION = YES;
				CLANG_WARN_OBJC_ROOT_CLASS = YES_ERROR;
				CLANG_WARN_RANGE_LOOP_ANALYSIS = YES;
				CLANG_WARN_STRICT_PROTOTYPES = YES;
				CLANG_WARN_SUSPICIOUS_MOVE = YES;
				CLANG_WARN_UNGUARDED_AVAILABILITY = YES_AGGRESSIVE;
				CLANG_WARN_UNREACHABLE_CODE = YES;
				CLANG_WARN__DUPLICATE_METHOD_MATCH = YES;
				CODE_SIGN_IDENTITY = "iPhone Developer";
				COPY_PHASE_STRIP = NO;
				DEBUG_INFORMATION_FORMAT = "dwarf-with-dsym";
				ENABLE_NS_ASSERTIONS = NO;
				ENABLE_STRICT_OBJC_MSGSEND = YES;
				GCC_C_LANGUAGE_STANDARD = gnu11;
				GCC_NO_COMMON_BLOCKS = YES;
				GCC_WARN_64_TO_32_BIT_CONVERSION = YES;
				GCC_WARN_ABOUT_RETURN_TYPE = YES_ERROR;
				GCC_WARN_UNDECLARED_SELECTOR = YES;
				GCC_WARN_UNINITIALIZED_AUTOS = YES_AGGRESSIVE;
				GCC_WARN_UNUSED_FUNCTION = YES;
				GCC_WARN_UNUSED_VARIABLE = YES;
				IPHONEOS_DEPLOYMENT_TARGET = 11.4;
				MTL_ENABLE_DEBUG_INFO = NO;
				SDKROOT = iphoneos;
				SWIFT_COMPILATION_MODE = wholemodule;
				SWIFT_OPTIMIZATION_LEVEL = "-O";
				VALIDATE_PRODUCT = YES;
			};
			name = Release;
		};
		D2D6A06221105AA9002E0CCE /* Debug */ = {
			isa = XCBuildConfiguration;
			baseConfigurationReference = 4663D8A86CF49ED59902881C /* Pods-CantoTalk.debug.xcconfig */;
			buildSettings = {
				ASSETCATALOG_COMPILER_APPICON_NAME = AppIcon;
				CODE_SIGN_STYLE = Automatic;
				DEVELOPMENT_TEAM = AY47KJ5YA8;
				INFOPLIST_FILE = CantoTalk/Info.plist;
				LD_RUNPATH_SEARCH_PATHS = (
					"$(inherited)",
					"@executable_path/Frameworks",
				);
				PRODUCT_BUNDLE_IDENTIFIER = com.brianmacpherson.CantoTalk;
				PRODUCT_NAME = "$(TARGET_NAME)";
				SWIFT_VERSION = 4.0;
				TARGETED_DEVICE_FAMILY = "1,2";
			};
			name = Debug;
		};
		D2D6A06321105AA9002E0CCE /* Release */ = {
			isa = XCBuildConfiguration;
			baseConfigurationReference = A7F127D3C5D096AF1602DDE3 /* Pods-CantoTalk.release.xcconfig */;
			buildSettings = {
				ASSETCATALOG_COMPILER_APPICON_NAME = AppIcon;
				CODE_SIGN_STYLE = Automatic;
				DEVELOPMENT_TEAM = AY47KJ5YA8;
				INFOPLIST_FILE = CantoTalk/Info.plist;
				LD_RUNPATH_SEARCH_PATHS = (
					"$(inherited)",
					"@executable_path/Frameworks",
				);
				PRODUCT_BUNDLE_IDENTIFIER = com.brianmacpherson.CantoTalk;
				PRODUCT_NAME = "$(TARGET_NAME)";
				SWIFT_VERSION = 4.0;
				TARGETED_DEVICE_FAMILY = "1,2";
			};
			name = Release;
		};
/* End XCBuildConfiguration section */

/* Begin XCConfigurationList section */
		D2D6A04A21105AA4002E0CCE /* Build configuration list for PBXProject "CantoTalk" */ = {
			isa = XCConfigurationList;
			buildConfigurations = (
				D2D6A05F21105AA9002E0CCE /* Debug */,
				D2D6A06021105AA9002E0CCE /* Release */,
			);
			defaultConfigurationIsVisible = 0;
			defaultConfigurationName = Release;
		};
		D2D6A06121105AA9002E0CCE /* Build configuration list for PBXNativeTarget "CantoTalk" */ = {
			isa = XCConfigurationList;
			buildConfigurations = (
				D2D6A06221105AA9002E0CCE /* Debug */,
				D2D6A06321105AA9002E0CCE /* Release */,
			);
			defaultConfigurationIsVisible = 0;
			defaultConfigurationName = Release;
		};
/* End XCConfigurationList section */
	};
	rootObject = D2D6A04721105AA4002E0CCE /* Project object */;
}
